{
  "nodes": {
    "doom-emacs": {
      "flake": false,
      "locked": {
        "lastModified": 1642277695,
        "narHash": "sha256-RAxbJ1cYI0VUD8XJutTHYKFFE2e0OMGSj6d6DL+MSOM=",
        "owner": "hlissner",
        "repo": "doom-emacs",
        "rev": "c7753adbb301dcb647dc96d182c28b228551890e",
        "type": "github"
      },
      "original": {
        "owner": "hlissner",
        "repo": "doom-emacs",
        "type": "github"
      }
    },
    "emacs": {
      "locked": {
        "lastModified": 1643193471,
        "narHash": "sha256-LRp9AKw8AtEoWVXJj21n7hE7BDZE1lrW+2xTgs16aSM=",
        "owner": "nix-community",
        "repo": "emacs-overlay",
        "rev": "588aced1ae8ad4107d9705649c69a35e7919f409",
        "type": "github"
      },
      "original": {
        "owner": "nix-community",
        "repo": "emacs-overlay",
        "type": "github"
      }
    },
    "flake-utils": {
      "locked": {
        "lastModified": 1642700792,
        "narHash": "sha256-XqHrk7hFb+zBvRg6Ghl+AZDq03ov6OshJLiSWOoX5es=",
        "owner": "numtide",
        "repo": "flake-utils",
        "rev": "846b2ae0fc4cc943637d3d1def4454213e203cba",
        "type": "github"
      },
      "original": {
        "owner": "numtide",
        "repo": "flake-utils",
        "type": "github"
      }
    },
    "nixpkgs": {
      "locked": {
        "lastModified": 1643119265,
        "narHash": "sha256-mmDEctIkHSWcC/HRpeaw6QOe+DbNOSzc0wsXAHOZWwo=",
        "owner": "NixOS",
        "repo": "nixpkgs",
        "rev": "b05d2077ebe219f6a47825767f8bab5c6211d200",
        "type": "github"
      },
      "original": {
        "owner": "NixOS",
        "ref": "nixpkgs-unstable",
        "repo": "nixpkgs",
        "type": "github"
      }
    },
    "root": {
      "inputs": {
        "doom-emacs": "doom-emacs",
        "emacs": "emacs",
        "flake-utils": "flake-utils",
        "nixpkgs": "nixpkgs"
      }
    }
  },
  "root": "root",
  "version": 7
}
